
Microsoft Visual Studio Solution File, Format Version 12.00
# Visual Studio Version 17
VisualStudioVersion = 17.0.31903.59
MinimumVisualStudioVersion = 10.0.40219.1
Project("{2150E333-8FDC-42A3-9474-1A3956D46DE8}") = "src", "src", "{E3AE3895-0EBC-4399-A4CC-7D96180B9C76}"
EndProject
Project("{2150E333-8FDC-42A3-9474-1A3956D46DE8}") = "PetProject.IdentityServer", "PetProject.IdentityServer", "{79DA0A10-5C62-4C9C-9CD0-4781CFAAB7AD}"
EndProject
Project("{2150E333-8FDC-42A3-9474-1A3956D46DE8}") = "src", "src", "{395A3708-ECC7-451B-8499-A75730F5CE1B}"
EndProject
Project("{9A19103F-16F7-4668-BE54-9A1E7A4F7556}") = "PetProject.IdentityServer.Database", "src\PetProject.IdentityServer\src\PetProject.IdentityServer.Database\PetProject.IdentityServer.Database.csproj", "{052A358A-7354-4C9C-A801-F97800EFACF1}"
EndProject
Project("{9A19103F-16F7-4668-BE54-9A1E7A4F7556}") = "PetProject.IdentityServer.DbMigrator", "src\PetProject.IdentityServer\src\PetProject.IdentityServer.DbMigrator\PetProject.IdentityServer.DbMigrator.csproj", "{AC3CD18A-80A9-4AD2-8977-55E9F7A89EB5}"
EndProject
Project("{9A19103F-16F7-4668-BE54-9A1E7A4F7556}") = "PetProject.IdentityServer.Domain", "src\PetProject.IdentityServer\src\PetProject.IdentityServer.Domain\PetProject.IdentityServer.Domain.csproj", "{F4E1885E-2DA7-4D6B-AABE-0092087B6E7E}"
EndProject
Project("{9A19103F-16F7-4668-BE54-9A1E7A4F7556}") = "PetProject.IdentityServer.DbSeeder", "src\PetProject.IdentityServer\src\PetProject.IdentityServer.DbSeeder\PetProject.IdentityServer.DbSeeder.csproj", "{3CF048F6-C90D-4357-BA5E-E4E74A32D83B}"
EndProject
Project("{9A19103F-16F7-4668-BE54-9A1E7A4F7556}") = "PetProject.IdentityServer.Host", "src\PetProject.IdentityServer\src\PetProject.IdentityServer.Host\PetProject.IdentityServer.Host.csproj", "{47DFD1C3-F8FF-4978-B523-E2BBA89C2B1B}"
EndProject
Project("{E53339B2-1760-4266-BCC7-CA923CBCF16C}") = "docker-compose", "docker-compose.dcproj", "{FC51EAD8-C657-4A4F-AC53-908E8D539296}"
EndProject
Project("{2150E333-8FDC-42A3-9474-1A3956D46DE8}") = "PetProject.ProductAPI", "PetProject.ProductAPI", "{B551BF58-E83D-4FE3-B3A4-30B41C13445F}"
EndProject
Project("{2150E333-8FDC-42A3-9474-1A3956D46DE8}") = "src", "src", "{8AC4F20A-9A1B-4C6A-9755-234909E283DA}"
EndProject
Project("{FAE04EC0-301F-11D3-BF4B-00C04F79EFBC}") = "PetProject.ProductAPI.Domain", "src\PetProject.ProductAPI\src\PetProject.ProductAPI.Domain\PetProject.ProductAPI.Domain.csproj", "{C687EF76-C70B-4339-9CA1-74B47B11FB49}"
EndProject
Project("{FAE04EC0-301F-11D3-BF4B-00C04F79EFBC}") = "PetProject.ProductAPI.MongoDb", "src\PetProject.ProductAPI\src\PetProject.ProductAPI.MongoDb\PetProject.ProductAPI.MongoDb.csproj", "{4E16DA18-DF1D-4D2E-BE1B-546B973310DB}"
EndProject
Project("{FAE04EC0-301F-11D3-BF4B-00C04F79EFBC}") = "PetProject.ProductAPI.Host", "src\PetProject.ProductAPI\src\PetProject.ProductAPI.Host\PetProject.ProductAPI.Host.csproj", "{AFC9C032-71B2-4CD9-91A3-65E3CB26CAFD}"
EndProject
Project("{2150E333-8FDC-42A3-9474-1A3956D46DE8}") = "test", "test", "{E54FAFF5-F0E2-4590-AAD3-1B6C55D78CCE}"
EndProject
Project("{FAE04EC0-301F-11D3-BF4B-00C04F79EFBC}") = "PetProject.ProductAPI.Domain.Tests", "src\PetProject.ProductAPI\test\PetProject.ProductAPI.Domain.Tests\PetProject.ProductAPI.Domain.Tests.csproj", "{C7BC5444-1531-43B7-A3CF-BB348EAA82C3}"
EndProject
Global
	GlobalSection(SolutionConfigurationPlatforms) = preSolution
		Debug|Any CPU = Debug|Any CPU
		Release|Any CPU = Release|Any CPU
	EndGlobalSection
	GlobalSection(ProjectConfigurationPlatforms) = postSolution
		{052A358A-7354-4C9C-A801-F97800EFACF1}.Debug|Any CPU.ActiveCfg = Debug|Any CPU
		{052A358A-7354-4C9C-A801-F97800EFACF1}.Debug|Any CPU.Build.0 = Debug|Any CPU
		{052A358A-7354-4C9C-A801-F97800EFACF1}.Release|Any CPU.ActiveCfg = Release|Any CPU
		{052A358A-7354-4C9C-A801-F97800EFACF1}.Release|Any CPU.Build.0 = Release|Any CPU
		{AC3CD18A-80A9-4AD2-8977-55E9F7A89EB5}.Debug|Any CPU.ActiveCfg = Debug|Any CPU
		{AC3CD18A-80A9-4AD2-8977-55E9F7A89EB5}.Debug|Any CPU.Build.0 = Debug|Any CPU
		{AC3CD18A-80A9-4AD2-8977-55E9F7A89EB5}.Release|Any CPU.ActiveCfg = Release|Any CPU
		{AC3CD18A-80A9-4AD2-8977-55E9F7A89EB5}.Release|Any CPU.Build.0 = Release|Any CPU
		{F4E1885E-2DA7-4D6B-AABE-0092087B6E7E}.Debug|Any CPU.ActiveCfg = Debug|Any CPU
		{F4E1885E-2DA7-4D6B-AABE-0092087B6E7E}.Debug|Any CPU.Build.0 = Debug|Any CPU
		{F4E1885E-2DA7-4D6B-AABE-0092087B6E7E}.Release|Any CPU.ActiveCfg = Release|Any CPU
		{F4E1885E-2DA7-4D6B-AABE-0092087B6E7E}.Release|Any CPU.Build.0 = Release|Any CPU
		{3CF048F6-C90D-4357-BA5E-E4E74A32D83B}.Debug|Any CPU.ActiveCfg = Debug|Any CPU
		{3CF048F6-C90D-4357-BA5E-E4E74A32D83B}.Debug|Any CPU.Build.0 = Debug|Any CPU
		{3CF048F6-C90D-4357-BA5E-E4E74A32D83B}.Release|Any CPU.ActiveCfg = Release|Any CPU
		{3CF048F6-C90D-4357-BA5E-E4E74A32D83B}.Release|Any CPU.Build.0 = Release|Any CPU
		{47DFD1C3-F8FF-4978-B523-E2BBA89C2B1B}.Debug|Any CPU.ActiveCfg = Debug|Any CPU
		{47DFD1C3-F8FF-4978-B523-E2BBA89C2B1B}.Debug|Any CPU.Build.0 = Debug|Any CPU
		{47DFD1C3-F8FF-4978-B523-E2BBA89C2B1B}.Release|Any CPU.ActiveCfg = Release|Any CPU
		{47DFD1C3-F8FF-4978-B523-E2BBA89C2B1B}.Release|Any CPU.Build.0 = Release|Any CPU
		{FC51EAD8-C657-4A4F-AC53-908E8D539296}.Debug|Any CPU.ActiveCfg = Debug|Any CPU
		{FC51EAD8-C657-4A4F-AC53-908E8D539296}.Debug|Any CPU.Build.0 = Debug|Any CPU
		{FC51EAD8-C657-4A4F-AC53-908E8D539296}.Release|Any CPU.ActiveCfg = Release|Any CPU
		{FC51EAD8-C657-4A4F-AC53-908E8D539296}.Release|Any CPU.Build.0 = Release|Any CPU
		{C687EF76-C70B-4339-9CA1-74B47B11FB49}.Debug|Any CPU.ActiveCfg = Debug|Any CPU
		{C687EF76-C70B-4339-9CA1-74B47B11FB49}.Debug|Any CPU.Build.0 = Debug|Any CPU
		{C687EF76-C70B-4339-9CA1-74B47B11FB49}.Release|Any CPU.ActiveCfg = Release|Any CPU
		{C687EF76-C70B-4339-9CA1-74B47B11FB49}.Release|Any CPU.Build.0 = Release|Any CPU
		{4E16DA18-DF1D-4D2E-BE1B-546B973310DB}.Debug|Any CPU.ActiveCfg = Debug|Any CPU
		{4E16DA18-DF1D-4D2E-BE1B-546B973310DB}.Debug|Any CPU.Build.0 = Debug|Any CPU
		{4E16DA18-DF1D-4D2E-BE1B-546B973310DB}.Release|Any CPU.ActiveCfg = Release|Any CPU
		{4E16DA18-DF1D-4D2E-BE1B-546B973310DB}.Release|Any CPU.Build.0 = Release|Any CPU
		{AFC9C032-71B2-4CD9-91A3-65E3CB26CAFD}.Debug|Any CPU.ActiveCfg = Debug|Any CPU
		{AFC9C032-71B2-4CD9-91A3-65E3CB26CAFD}.Debug|Any CPU.Build.0 = Debug|Any CPU
		{AFC9C032-71B2-4CD9-91A3-65E3CB26CAFD}.Release|Any CPU.ActiveCfg = Release|Any CPU
		{AFC9C032-71B2-4CD9-91A3-65E3CB26CAFD}.Release|Any CPU.Build.0 = Release|Any CPU
		{C7BC5444-1531-43B7-A3CF-BB348EAA82C3}.Debug|Any CPU.ActiveCfg = Debug|Any CPU
		{C7BC5444-1531-43B7-A3CF-BB348EAA82C3}.Debug|Any CPU.Build.0 = Debug|Any CPU
		{C7BC5444-1531-43B7-A3CF-BB348EAA82C3}.Release|Any CPU.ActiveCfg = Release|Any CPU
		{C7BC5444-1531-43B7-A3CF-BB348EAA82C3}.Release|Any CPU.Build.0 = Release|Any CPU
	EndGlobalSection
	GlobalSection(SolutionProperties) = preSolution
		HideSolutionNode = FALSE
	EndGlobalSection
	GlobalSection(NestedProjects) = preSolution
		{79DA0A10-5C62-4C9C-9CD0-4781CFAAB7AD} = {E3AE3895-0EBC-4399-A4CC-7D96180B9C76}
		{395A3708-ECC7-451B-8499-A75730F5CE1B} = {79DA0A10-5C62-4C9C-9CD0-4781CFAAB7AD}
		{052A358A-7354-4C9C-A801-F97800EFACF1} = {395A3708-ECC7-451B-8499-A75730F5CE1B}
		{AC3CD18A-80A9-4AD2-8977-55E9F7A89EB5} = {395A3708-ECC7-451B-8499-A75730F5CE1B}
		{F4E1885E-2DA7-4D6B-AABE-0092087B6E7E} = {395A3708-ECC7-451B-8499-A75730F5CE1B}
		{3CF048F6-C90D-4357-BA5E-E4E74A32D83B} = {395A3708-ECC7-451B-8499-A75730F5CE1B}
		{47DFD1C3-F8FF-4978-B523-E2BBA89C2B1B} = {395A3708-ECC7-451B-8499-A75730F5CE1B}
		{B551BF58-E83D-4FE3-B3A4-30B41C13445F} = {E3AE3895-0EBC-4399-A4CC-7D96180B9C76}
		{8AC4F20A-9A1B-4C6A-9755-234909E283DA} = {B551BF58-E83D-4FE3-B3A4-30B41C13445F}
		{C687EF76-C70B-4339-9CA1-74B47B11FB49} = {8AC4F20A-9A1B-4C6A-9755-234909E283DA}
		{4E16DA18-DF1D-4D2E-BE1B-546B973310DB} = {8AC4F20A-9A1B-4C6A-9755-234909E283DA}
		{AFC9C032-71B2-4CD9-91A3-65E3CB26CAFD} = {8AC4F20A-9A1B-4C6A-9755-234909E283DA}
		{E54FAFF5-F0E2-4590-AAD3-1B6C55D78CCE} = {B551BF58-E83D-4FE3-B3A4-30B41C13445F}
		{C7BC5444-1531-43B7-A3CF-BB348EAA82C3} = {E54FAFF5-F0E2-4590-AAD3-1B6C55D78CCE}
	EndGlobalSection
	GlobalSection(ExtensibilityGlobals) = postSolution
		SolutionGuid = {73CDF8D9-FE9B-4287-AA6F-3EEAE973DECD}
	EndGlobalSection
EndGlobal
